
Microsoft Visual Studio Solution File, Format Version 12.00
# Visual Studio Version 16
VisualStudioVersion = 16.0.31624.102
MinimumVisualStudioVersion = 10.0.40219.1
Project("{FAE04EC0-301F-11D3-BF4B-00C04F79EFBC}") = "Bilangan Prima Git", "Bilangan Prima Git\Bilangan Prima Git.csproj", "{CDB60A17-4573-49F5-8B36-29A6B1ADA258}"
EndProject
Global
	GlobalSection(SolutionConfigurationPlatforms) = preSolution
		Debug|Any CPU = Debug|Any CPU
		Release|Any CPU = Release|Any CPU
	EndGlobalSection
	GlobalSection(ProjectConfigurationPlatforms) = postSolution
		{CDB60A17-4573-49F5-8B36-29A6B1ADA258}.Debug|Any CPU.ActiveCfg = Debug|Any CPU
		{CDB60A17-4573-49F5-8B36-29A6B1ADA258}.Debug|Any CPU.Build.0 = Debug|Any CPU
		{CDB60A17-4573-49F5-8B36-29A6B1ADA258}.Release|Any CPU.ActiveCfg = Release|Any CPU
		{CDB60A17-4573-49F5-8B36-29A6B1ADA258}.Release|Any CPU.Build.0 = Release|Any CPU
	EndGlobalSection
	GlobalSection(SolutionProperties) = preSolution
		HideSolutionNode = FALSE
	EndGlobalSection
	GlobalSection(ExtensibilityGlobals) = postSolution
		SolutionGuid = {3FFBA190-8D73-49D5-96F9-FD378A897AFF}
	EndGlobalSection
EndGlobal
